PODS:
  - TTGTagCollectionView (0.4.0)

DEPENDENCIES:
  - TTGTagCollectionView (from `../`)

EXTERNAL SOURCES:
  TTGTagCollectionView:
    :path: "../"

SPEC CHECKSUMS:
  TTGTagCollectionView: a3d94004f4d58a6f57089ba60940f53dc47d21b6

PODFILE CHECKSUM: f0fc553868b0459c5bd7ac738bceafe55aa8f98d

COCOAPODS: 1.0.1
