PODS:
  - TTGTagCollectionView (0.5.0)

DEPENDENCIES:
  - TTGTagCollectionView (from `../`)

EXTERNAL SOURCES:
  TTGTagCollectionView:
    :path: "../"

SPEC CHECKSUMS:
  TTGTagCollectionView: 94c43e13df2e39bdd8f37bd038438f183add84a4

PODFILE CHECKSUM: f0fc553868b0459c5bd7ac738bceafe55aa8f98d

COCOAPODS: 1.0.1
