PODS:
  - SVPullToRefresh (0.4.1)
  - TTGTagCollectionView (1.5.0)

DEPENDENCIES:
  - SVPullToRefresh
  - TTGTagCollectionView (from `../`)

EXTERNAL SOURCES:
  TTGTagCollectionView:
    :path: "../"

SPEC CHECKSUMS:
  SVPullToRefresh: ba2e718695a43253d8bea6852d2960097dc15d8c
  TTGTagCollectionView: 36769ac08e29e8ce37f7dab98014b373d2d005db

PODFILE CHECKSUM: 0e33b51aeed0ef5e83dbdb28e3464492012c5054

COCOAPODS: 1.2.0
