// !$*UTF8*$!
{
	archiveVersion = 1;
	classes = {
	};
	objectVersion = 50;
	objects = {

/* Begin PBXBuildFile section */
		BF6A36C5263BFF81000CB844 /* AppDelegate.swift in Sources */ = {isa = PBXBuildFile; fileRef = BF6A36C4263BFF81000CB844 /* AppDelegate.swift */; };
		BF6A36C7263BFF81000CB844 /* SceneDelegate.swift in Sources */ = {isa = PBXBuildFile; fileRef = BF6A36C6263BFF81000CB844 /* SceneDelegate.swift */; };
		BF6A36C9263BFF81000CB844 /* ViewController.swift in Sources */ = {isa = PBXBuildFile; fileRef = BF6A36C8263BFF81000CB844 /* ViewController.swift */; };
		BF6A36CC263BFF81000CB844 /* Main.storyboard in Resources */ = {isa = PBXBuildFile; fileRef = BF6A36CA263BFF81000CB844 /* Main.storyboard */; };
		BF6A36CE263BFF84000CB844 /* Assets.xcassets in Resources */ = {isa = PBXBuildFile; fileRef = BF6A36CD263BFF84000CB844 /* Assets.xcassets */; };
		BF6A36D1263BFF84000CB844 /* LaunchScreen.storyboard in Resources */ = {isa = PBXBuildFile; fileRef = BF6A36CF263BFF84000CB844 /* LaunchScreen.storyboard */; };
		C63AADBAC89AF2627CDBE1E0 /* Pods_TTGTagSwiftExample.framework in Frameworks */ = {isa = PBXBuildFile; fileRef = 6F9ABBC9733CA17B850DB303 /* Pods_TTGTagSwiftExample.framework */; };
/* End PBXBuildFile section */

/* Begin PBXFileReference section */
		18FE1A9005B5D818D3FB6510 /* Pods-TTGTagSwiftExample.debug.xcconfig */ = {isa = PBXFileReference; includeInIndex = 1; lastKnownFileType = text.xcconfig; name = "Pods-TTGTagSwiftExample.debug.xcconfig"; path = "Target Support Files/Pods-TTGTagSwiftExample/Pods-TTGTagSwiftExample.debug.xcconfig"; sourceTree = "<group>"; };
		6F9ABBC9733CA17B850DB303 /* Pods_TTGTagSwiftExample.framework */ = {isa = PBXFileReference; explicitFileType = wrapper.framework; includeInIndex = 0; path = Pods_TTGTagSwiftExample.framework; sourceTree = BUILT_PRODUCTS_DIR; };
		BB73C78F0F625132A98AF918 /* Pods-TTGTagSwiftExample.release.xcconfig */ = {isa = PBXFileReference; includeInIndex = 1; lastKnownFileType = text.xcconfig; name = "Pods-TTGTagSwiftExample.release.xcconfig"; path = "Target Support Files/Pods-TTGTagSwiftExample/Pods-TTGTagSwiftExample.release.xcconfig"; sourceTree = "<group>"; };
		BF6A36C1263BFF81000CB844 /* TTGTagSwiftExample.app */ = {isa = PBXFileReference; explicitFileType = wrapper.application; includeInIndex = 0; path = TTGTagSwiftExample.app; sourceTree = BUILT_PRODUCTS_DIR; };
		BF6A36C4263BFF81000CB844 /* AppDelegate.swift */ = {isa = PBXFileReference; lastKnownFileType = sourcecode.swift; path = AppDelegate.swift; sourceTree = "<group>"; };
		BF6A36C6263BFF81000CB844 /* SceneDelegate.swift */ = {isa = PBXFileReference; lastKnownFileType = sourcecode.swift; path = SceneDelegate.swift; sourceTree = "<group>"; };
		BF6A36C8263BFF81000CB844 /* ViewController.swift */ = {isa = PBXFileReference; lastKnownFileType = sourcecode.swift; path = ViewController.swift; sourceTree = "<group>"; };
		BF6A36CB263BFF81000CB844 /* Base */ = {isa = PBXFileReference; lastKnownFileType = file.storyboard; name = Base; path = Base.lproj/Main.storyboard; sourceTree = "<group>"; };
		BF6A36CD263BFF84000CB844 /* Assets.xcassets */ = {isa = PBXFileReference; lastKnownFileType = folder.assetcatalog; path = Assets.xcassets; sourceTree = "<group>"; };
		BF6A36D0263BFF84000CB844 /* Base */ = {isa = PBXFileReference; lastKnownFileType = file.storyboard; name = Base; path = Base.lproj/LaunchScreen.storyboard; sourceTree = "<group>"; };
		BF6A36D2263BFF84000CB844 /* Info.plist */ = {isa = PBXFileReference; lastKnownFileType = text.plist.xml; path = Info.plist; sourceTree = "<group>"; };
/* End PBXFileReference section */

/* Begin PBXFrameworksBuildPhase section */
		BF6A36BE263BFF81000CB844 /* Frameworks */ = {
			isa = PBXFrameworksBuildPhase;
			buildActionMask = 2147483647;
			files = (
				C63AADBAC89AF2627CDBE1E0 /* Pods_TTGTagSwiftExample.framework in Frameworks */,
			);
			runOnlyForDeploymentPostprocessing = 0;
		};
/* End PBXFrameworksBuildPhase section */

/* Begin PBXGroup section */
		00DBBB0F1645DB9D63D3DA88 /* Frameworks */ = {
			isa = PBXGroup;
			children = (
				6F9ABBC9733CA17B850DB303 /* Pods_TTGTagSwiftExample.framework */,
			);
			name = Frameworks;
			sourceTree = "<group>";
		};
		BF6A36B8263BFF80000CB844 = {
			isa = PBXGroup;
			children = (
				BF6A36C3263BFF81000CB844 /* TTGTagSwiftExample */,
				BF6A36C2263BFF81000CB844 /* Products */,
				FD59D0F953286C8B13FAE4EA /* Pods */,
				00DBBB0F1645DB9D63D3DA88 /* Frameworks */,
			);
			sourceTree = "<group>";
		};
		BF6A36C2263BFF81000CB844 /* Products */ = {
			isa = PBXGroup;
			children = (
				BF6A36C1263BFF81000CB844 /* TTGTagSwiftExample.app */,
			);
			name = Products;
			sourceTree = "<group>";
		};
		BF6A36C3263BFF81000CB844 /* TTGTagSwiftExample */ = {
			isa = PBXGroup;
			children = (
				BF6A36C4263BFF81000CB844 /* AppDelegate.swift */,
				BF6A36C6263BFF81000CB844 /* SceneDelegate.swift */,
				BF6A36C8263BFF81000CB844 /* ViewController.swift */,
				BF6A36CA263BFF81000CB844 /* Main.storyboard */,
				BF6A36CD263BFF84000CB844 /* Assets.xcassets */,
				BF6A36CF263BFF84000CB844 /* LaunchScreen.storyboard */,
				BF6A36D2263BFF84000CB844 /* Info.plist */,
			);
			path = TTGTagSwiftExample;
			sourceTree = "<group>";
		};
		FD59D0F953286C8B13FAE4EA /* Pods */ = {
			isa = PBXGroup;
			children = (
				18FE1A9005B5D818D3FB6510 /* Pods-TTGTagSwiftExample.debug.xcconfig */,
				BB73C78F0F625132A98AF918 /* Pods-TTGTagSwiftExample.release.xcconfig */,
			);
			name = Pods;
			path = Pods;
			sourceTree = "<group>";
		};
/* End PBXGroup section */

/* Begin PBXNativeTarget section */
		BF6A36C0263BFF81000CB844 /* TTGTagSwiftExample */ = {
			isa = PBXNativeTarget;
			buildConfigurationList = BF6A36D5263BFF84000CB844 /* Build configuration list for PBXNativeTarget "TTGTagSwiftExample" */;
			buildPhases = (
				3D80F5748BCA2BA0E353F305 /* [CP] Check Pods Manifest.lock */,
				BF6A36BD263BFF81000CB844 /* Sources */,
				BF6A36BE263BFF81000CB844 /* Frameworks */,
				BF6A36BF263BFF81000CB844 /* Resources */,
				54F7AD8D4F62063FD18B9BE6 /* [CP] Embed Pods Frameworks */,
			);
			buildRules = (
			);
			dependencies = (
			);
			name = TTGTagSwiftExample;
			productName = TTGTagSwiftExample;
			productReference = BF6A36C1263BFF81000CB844 /* TTGTagSwiftExample.app */;
			productType = "com.apple.product-type.application";
		};
/* End PBXNativeTarget section */

/* Begin PBXProject section */
		BF6A36B9263BFF80000CB844 /* Project object */ = {
			isa = PBXProject;
			attributes = {
				LastSwiftUpdateCheck = 1250;
				LastUpgradeCheck = 1250;
				TargetAttributes = {
					BF6A36C0263BFF81000CB844 = {
						CreatedOnToolsVersion = 12.5;
					};
				};
			};
			buildConfigurationList = BF6A36BC263BFF80000CB844 /* Build configuration list for PBXProject "TTGTagSwiftExample" */;
			compatibilityVersion = "Xcode 9.3";
			developmentRegion = en;
			hasScannedForEncodings = 0;
			knownRegions = (
				en,
				Base,
			);
			mainGroup = BF6A36B8263BFF80000CB844;
			productRefGroup = BF6A36C2263BFF81000CB844 /* Products */;
			projectDirPath = "";
			projectRoot = "";
			targets = (
				BF6A36C0263BFF81000CB844 /* TTGTagSwiftExample */,
			);
		};
/* End PBXProject section */

/* Begin PBXResourcesBuildPhase section */
		BF6A36BF263BFF81000CB844 /* Resources */ = {
			isa = PBXResourcesBuildPhase;
			buildActionMask = 2147483647;
			files = (
				BF6A36D1263BFF84000CB844 /* LaunchScreen.storyboard in Resources */,
				BF6A36CE263BFF84000CB844 /* Assets.xcassets in Resources */,
				BF6A36CC263BFF81000CB844 /* Main.storyboard in Resources */,
			);
			runOnlyForDeploymentPostprocessing = 0;
		};
/* End PBXResourcesBuildPhase section */

/* Begin PBXShellScriptBuildPhase section */
		3D80F5748BCA2BA0E353F305 /* [CP] Check Pods Manifest.lock */ = {
			isa = PBXShellScriptBuildPhase;
			buildActionMask = 2147483647;
			files = (
			);
			inputFileListPaths = (
			);
			inputPaths = (
				"${PODS_PODFILE_DIR_PATH}/Podfile.lock",
				"${PODS_ROOT}/Manifest.lock",
			);
			name = "[CP] Check Pods Manifest.lock";
			outputFileListPaths = (
			);
			outputPaths = (
				"$(DERIVED_FILE_DIR)/Pods-TTGTagSwiftExample-checkManifestLockResult.txt",
			);
			runOnlyForDeploymentPostprocessing = 0;
			shellPath = /bin/sh;
			shellScript = "diff \"${PODS_PODFILE_DIR_PATH}/Podfile.lock\" \"${PODS_ROOT}/Manifest.lock\" > /dev/null\nif [ $? != 0 ] ; then\n    # print error to STDERR\n    echo \"error: The sandbox is not in sync with the Podfile.lock. Run 'pod install' or update your CocoaPods installation.\" >&2\n    exit 1\nfi\n# This output is used by Xcode 'outputs' to avoid re-running this script phase.\necho \"SUCCESS\" > \"${SCRIPT_OUTPUT_FILE_0}\"\n";
			showEnvVarsInLog = 0;
		};
		54F7AD8D4F62063FD18B9BE6 /* [CP] Embed Pods Frameworks */ = {
			isa = PBXShellScriptBuildPhase;
			buildActionMask = 2147483647;
			files = (
			);
			inputFileListPaths = (
				"${PODS_ROOT}/Target Support Files/Pods-TTGTagSwiftExample/Pods-TTGTagSwiftExample-frameworks-${CONFIGURATION}-input-files.xcfilelist",
			);
			name = "[CP] Embed Pods Frameworks";
			outputFileListPaths = (
				"${PODS_ROOT}/Target Support Files/Pods-TTGTagSwiftExample/Pods-TTGTagSwiftExample-frameworks-${CONFIGURATION}-output-files.xcfilelist",
			);
			runOnlyForDeploymentPostprocessing = 0;
			shellPath = /bin/sh;
			shellScript = "\"${PODS_ROOT}/Target Support Files/Pods-TTGTagSwiftExample/Pods-TTGTagSwiftExample-frameworks.sh\"\n";
			showEnvVarsInLog = 0;
		};
/* End PBXShellScriptBuildPhase section */

/* Begin PBXSourcesBuildPhase section */
		BF6A36BD263BFF81000CB844 /* Sources */ = {
			isa = PBXSourcesBuildPhase;
			buildActionMask = 2147483647;
			files = (
				BF6A36C9263BFF81000CB844 /* ViewController.swift in Sources */,
				BF6A36C5263BFF81000CB844 /* AppDelegate.swift in Sources */,
				BF6A36C7263BFF81000CB844 /* SceneDelegate.swift in Sources */,
			);
			runOnlyForDeploymentPostprocessing = 0;
		};
/* End PBXSourcesBuildPhase section */

/* Begin PBXVariantGroup section */
		BF6A36CA263BFF81000CB844 /* Main.storyboard */ = {
			isa = PBXVariantGroup;
			children = (
				BF6A36CB263BFF81000CB844 /* Base */,
			);
			name = Main.storyboard;
			sourceTree = "<group>";
		};
		BF6A36CF263BFF84000CB844 /* LaunchScreen.storyboard */ = {
			isa = PBXVariantGroup;
			children = (
				BF6A36D0263BFF84000CB844 /* Base */,
			);
			name = LaunchScreen.storyboard;
			sourceTree = "<group>";
		};
/* End PBXVariantGroup section */

/* Begin XCBuildConfiguration section */
		BF6A36D3263BFF84000CB844 /* Debug */ = {
			isa = XCBuildConfiguration;
			buildSettings = {
				ALWAYS_SEARCH_USER_PATHS = NO;
				CLANG_ANALYZER_NONNULL = YES;
				CLANG_ANALYZER_NUMBER_OBJECT_CONVERSION = YES_AGGRESSIVE;
				CLANG_CXX_LANGUAGE_STANDARD = "gnu++14";
				CLANG_CXX_LIBRARY = "libc++";
				CLANG_ENABLE_MODULES = YES;
				CLANG_ENABLE_OBJC_ARC = YES;
				CLANG_ENABLE_OBJC_WEAK = YES;
				CLANG_WARN_BLOCK_CAPTURE_AUTORELEASING = YES;
				CLANG_WARN_BOOL_CONVERSION = YES;
				CLANG_WARN_COMMA = YES;
				CLANG_WARN_CONSTANT_CONVERSION = YES;
				CLANG_WARN_DEPRECATED_OBJC_IMPLEMENTATIONS = YES;
				CLANG_WARN_DIRECT_OBJC_ISA_USAGE = YES_ERROR;
				CLANG_WARN_DOCUMENTATION_COMMENTS = YES;
				CLANG_WARN_EMPTY_BODY = YES;
				CLANG_WARN_ENUM_CONVERSION = YES;
				CLANG_WARN_INFINITE_RECURSION = YES;
				CLANG_WARN_INT_CONVERSION = YES;
				CLANG_WARN_NON_LITERAL_NULL_CONVERSION = YES;
				CLANG_WARN_OBJC_IMPLICIT_RETAIN_SELF = YES;
				CLANG_WARN_OBJC_LITERAL_CONVERSION = YES;
				CLANG_WARN_OBJC_ROOT_CLASS = YES_ERROR;
				CLANG_WARN_QUOTED_INCLUDE_IN_FRAMEWORK_HEADER = YES;
				CLANG_WARN_RANGE_LOOP_ANALYSIS = YES;
				CLANG_WARN_STRICT_PROTOTYPES = YES;
				CLANG_WARN_SUSPICIOUS_MOVE = YES;
				CLANG_WARN_UNGUARDED_AVAILABILITY = YES_AGGRESSIVE;
				CLANG_WARN_UNREACHABLE_CODE = YES;
				CLANG_WARN__DUPLICATE_METHOD_MATCH = YES;
				COPY_PHASE_STRIP = NO;
				DEBUG_INFORMATION_FORMAT = dwarf;
				ENABLE_STRICT_OBJC_MSGSEND = YES;
				ENABLE_TESTABILITY = YES;
				GCC_C_LANGUAGE_STANDARD = gnu11;
				GCC_DYNAMIC_NO_PIC = NO;
				GCC_NO_COMMON_BLOCKS = YES;
				GCC_OPTIMIZATION_LEVEL = 0;
				GCC_PREPROCESSOR_DEFINITIONS = (
					"DEBUG=1",
					"$(inherited)",
				);
				GCC_WARN_64_TO_32_BIT_CONVERSION = YES;
				GCC_WARN_ABOUT_RETURN_TYPE = YES_ERROR;
				GCC_WARN_UNDECLARED_SELECTOR = YES;
				GCC_WARN_UNINITIALIZED_AUTOS = YES_AGGRESSIVE;
				GCC_WARN_UNUSED_FUNCTION = YES;
				GCC_WARN_UNUSED_VARIABLE = YES;
				IPHONEOS_DEPLOYMENT_TARGET = 14.5;
				MTL_ENABLE_DEBUG_INFO = INCLUDE_SOURCE;
				MTL_FAST_MATH = YES;
				ONLY_ACTIVE_ARCH = YES;
				SDKROOT = iphoneos;
				SWIFT_ACTIVE_COMPILATION_CONDITIONS = DEBUG;
				SWIFT_OPTIMIZATION_LEVEL = "-Onone";
			};
			name = Debug;
		};
		BF6A36D4263BFF84000CB844 /* Release */ = {
			isa = XCBuildConfiguration;
			buildSettings = {
				ALWAYS_SEARCH_USER_PATHS = NO;
				CLANG_ANALYZER_NONNULL = YES;
				CLANG_ANALYZER_NUMBER_OBJECT_CONVERSION = YES_AGGRESSIVE;
				CLANG_CXX_LANGUAGE_STANDARD = "gnu++14";
				CLANG_CXX_LIBRARY = "libc++";
				CLANG_ENABLE_MODULES = YES;
				CLANG_ENABLE_OBJC_ARC = YES;
				CLANG_ENABLE_OBJC_WEAK = YES;
				CLANG_WARN_BLOCK_CAPTURE_AUTORELEASING = YES;
				CLANG_WARN_BOOL_CONVERSION = YES;
				CLANG_WARN_COMMA = YES;
				CLANG_WARN_CONSTANT_CONVERSION = YES;
				CLANG_WARN_DEPRECATED_OBJC_IMPLEMENTATIONS = YES;
				CLANG_WARN_DIRECT_OBJC_ISA_USAGE = YES_ERROR;
				CLANG_WARN_DOCUMENTATION_COMMENTS = YES;
				CLANG_WARN_EMPTY_BODY = YES;
				CLANG_WARN_ENUM_CONVERSION = YES;
				CLANG_WARN_INFINITE_RECURSION = YES;
				CLANG_WARN_INT_CONVERSION = YES;
				CLANG_WARN_NON_LITERAL_NULL_CONVERSION = YES;
				CLANG_WARN_OBJC_IMPLICIT_RETAIN_SELF = YES;
				CLANG_WARN_OBJC_LITERAL_CONVERSION = YES;
				CLANG_WARN_OBJC_ROOT_CLASS = YES_ERROR;
				CLANG_WARN_QUOTED_INCLUDE_IN_FRAMEWORK_HEADER = YES;
				CLANG_WARN_RANGE_LOOP_ANALYSIS = YES;
				CLANG_WARN_STRICT_PROTOTYPES = YES;
				CLANG_WARN_SUSPICIOUS_MOVE = YES;
				CLANG_WARN_UNGUARDED_AVAILABILITY = YES_AGGRESSIVE;
				CLANG_WARN_UNREACHABLE_CODE = YES;
				CLANG_WARN__DUPLICATE_METHOD_MATCH = YES;
				COPY_PHASE_STRIP = NO;
				DEBUG_INFORMATION_FORMAT = "dwarf-with-dsym";
				ENABLE_NS_ASSERTIONS = NO;
				ENABLE_STRICT_OBJC_MSGSEND = YES;
				GCC_C_LANGUAGE_STANDARD = gnu11;
				GCC_NO_COMMON_BLOCKS = YES;
				GCC_WARN_64_TO_32_BIT_CONVERSION = YES;
				GCC_WARN_ABOUT_RETURN_TYPE = YES_ERROR;
				GCC_WARN_UNDECLARED_SELECTOR = YES;
				GCC_WARN_UNINITIALIZED_AUTOS = YES_AGGRESSIVE;
				GCC_WARN_UNUSED_FUNCTION = YES;
				GCC_WARN_UNUSED_VARIABLE = YES;
				IPHONEOS_DEPLOYMENT_TARGET = 14.5;
				MTL_ENABLE_DEBUG_INFO = NO;
				MTL_FAST_MATH = YES;
				SDKROOT = iphoneos;
				SWIFT_COMPILATION_MODE = wholemodule;
				SWIFT_OPTIMIZATION_LEVEL = "-O";
				VALIDATE_PRODUCT = YES;
			};
			name = Release;
		};
		BF6A36D6263BFF84000CB844 /* Debug */ = {
			isa = XCBuildConfiguration;
			baseConfigurationReference = 18FE1A9005B5D818D3FB6510 /* Pods-TTGTagSwiftExample.debug.xcconfig */;
			buildSettings = {
				ASSETCATALOG_COMPILER_APPICON_NAME = AppIcon;
				ASSETCATALOG_COMPILER_GLOBAL_ACCENT_COLOR_NAME = AccentColor;
				CODE_SIGN_STYLE = Automatic;
				INFOPLIST_FILE = TTGTagSwiftExample/Info.plist;
				LD_RUNPATH_SEARCH_PATHS = (
					"$(inherited)",
					"@executable_path/Frameworks",
				);
				PRODUCT_BUNDLE_IDENTIFIER = me.tutuge.swift.TTGTagSwiftExample;
				PRODUCT_NAME = "$(TARGET_NAME)";
				SWIFT_VERSION = 5.0;
				TARGETED_DEVICE_FAMILY = "1,2";
			};
			name = Debug;
		};
		BF6A36D7263BFF84000CB844 /* Release */ = {
			isa = XCBuildConfiguration;
			baseConfigurationReference = BB73C78F0F625132A98AF918 /* Pods-TTGTagSwiftExample.release.xcconfig */;
			buildSettings = {
				ASSETCATALOG_COMPILER_APPICON_NAME = AppIcon;
				ASSETCATALOG_COMPILER_GLOBAL_ACCENT_COLOR_NAME = AccentColor;
				CODE_SIGN_STYLE = Automatic;
				INFOPLIST_FILE = TTGTagSwiftExample/Info.plist;
				LD_RUNPATH_SEARCH_PATHS = (
					"$(inherited)",
					"@executable_path/Frameworks",
				);
				PRODUCT_BUNDLE_IDENTIFIER = me.tutuge.swift.TTGTagSwiftExample;
				PRODUCT_NAME = "$(TARGET_NAME)";
				SWIFT_VERSION = 5.0;
				TARGETED_DEVICE_FAMILY = "1,2";
			};
			name = Release;
		};
/* End XCBuildConfiguration section */

/* Begin XCConfigurationList section */
		BF6A36BC263BFF80000CB844 /* Build configuration list for PBXProject "TTGTagSwiftExample" */ = {
			isa = XCConfigurationList;
			buildConfigurations = (
				BF6A36D3263BFF84000CB844 /* Debug */,
				BF6A36D4263BFF84000CB844 /* Release */,
			);
			defaultConfigurationIsVisible = 0;
			defaultConfigurationName = Release;
		};
		BF6A36D5263BFF84000CB844 /* Build configuration list for PBXNativeTarget "TTGTagSwiftExample" */ = {
			isa = XCConfigurationList;
			buildConfigurations = (
				BF6A36D6263BFF84000CB844 /* Debug */,
				BF6A36D7263BFF84000CB844 /* Release */,
			);
			defaultConfigurationIsVisible = 0;
			defaultConfigurationName = Release;
		};
/* End XCConfigurationList section */
	};
	rootObject = BF6A36B9263BFF80000CB844 /* Project object */;
}
